
Microsoft Visual Studio Solution File, Format Version 12.00
# Visual Studio 15
VisualStudioVersion = 15.0.27004.2002
MinimumVisualStudioVersion = 10.0.40219.1
Project("{FAE04EC0-301F-11D3-BF4B-00C04F79EFBC}") = "Arbol Binario", "Arbol Binario\Arbol Binario.csproj", "{39EFE148-72D8-4304-8E4A-62281D379DC5}"
EndProject
Global
	GlobalSection(SolutionConfigurationPlatforms) = preSolution
		Debug|Any CPU = Debug|Any CPU
		Release|Any CPU = Release|Any CPU
	EndGlobalSection
	GlobalSection(ProjectConfigurationPlatforms) = postSolution
		{39EFE148-72D8-4304-8E4A-62281D379DC5}.Debug|Any CPU.ActiveCfg = Debug|Any CPU
		{39EFE148-72D8-4304-8E4A-62281D379DC5}.Debug|Any CPU.Build.0 = Debug|Any CPU
		{39EFE148-72D8-4304-8E4A-62281D379DC5}.Release|Any CPU.ActiveCfg = Release|Any CPU
		{39EFE148-72D8-4304-8E4A-62281D379DC5}.Release|Any CPU.Build.0 = Release|Any CPU
	EndGlobalSection
	GlobalSection(SolutionProperties) = preSolution
		HideSolutionNode = FALSE
	EndGlobalSection
	GlobalSection(ExtensibilityGlobals) = postSolution
		SolutionGuid = {A89A870E-FA07-4938-AC96-C70FBF963B97}
	EndGlobalSection
EndGlobal
